
Microsoft Visual Studio Solution File, Format Version 12.00
# Visual Studio Version 16
VisualStudioVersion = 16.0.30320.27
MinimumVisualStudioVersion = 10.0.40219.1
Project("{FAE04EC0-301F-11D3-BF4B-00C04F79EFBC}") = "MeuPrograma", "MeuPrograma\MeuPrograma.csproj", "{ABF75197-1954-4376-BA6A-82A27184087C}"
EndProject
Global
	GlobalSection(SolutionConfigurationPlatforms) = preSolution
		Debug|Any CPU = Debug|Any CPU
		Release|Any CPU = Release|Any CPU
	EndGlobalSection
	GlobalSection(ProjectConfigurationPlatforms) = postSolution
		{ABF75197-1954-4376-BA6A-82A27184087C}.Debug|Any CPU.ActiveCfg = Debug|Any CPU
		{ABF75197-1954-4376-BA6A-82A27184087C}.Debug|Any CPU.Build.0 = Debug|Any CPU
		{ABF75197-1954-4376-BA6A-82A27184087C}.Release|Any CPU.ActiveCfg = Release|Any CPU
		{ABF75197-1954-4376-BA6A-82A27184087C}.Release|Any CPU.Build.0 = Release|Any CPU
	EndGlobalSection
	GlobalSection(SolutionProperties) = preSolution
		HideSolutionNode = FALSE
	EndGlobalSection
	GlobalSection(ExtensibilityGlobals) = postSolution
		SolutionGuid = {006F5931-A040-44E9-AF92-600FA9B0BED7}
	EndGlobalSection
EndGlobal
