
Microsoft Visual Studio Solution File, Format Version 12.00
# Visual Studio Version 16
VisualStudioVersion = 16.0.30320.27
MinimumVisualStudioVersion = 10.0.40219.1
Project("{FAE04EC0-301F-11D3-BF4B-00C04F79EFBC}") = "UI", "UI\UI.csproj", "{29620F8B-0617-4E49-9EFF-A9949D1F194C}"
EndProject
Project("{FAE04EC0-301F-11D3-BF4B-00C04F79EFBC}") = "Database", "DataBase\Database.csproj", "{A7E736E9-300E-41BD-86C2-54634DB78518}"
EndProject
Project("{FAE04EC0-301F-11D3-BF4B-00C04F79EFBC}") = "Business", "Business\Business.csproj", "{A2BAD6D6-FA45-40ED-85B5-194B2ECD5E93}"
EndProject
Global
	GlobalSection(SolutionConfigurationPlatforms) = preSolution
		Debug|Any CPU = Debug|Any CPU
		Release|Any CPU = Release|Any CPU
	EndGlobalSection
	GlobalSection(ProjectConfigurationPlatforms) = postSolution
		{29620F8B-0617-4E49-9EFF-A9949D1F194C}.Debug|Any CPU.ActiveCfg = Debug|Any CPU
		{29620F8B-0617-4E49-9EFF-A9949D1F194C}.Debug|Any CPU.Build.0 = Debug|Any CPU
		{29620F8B-0617-4E49-9EFF-A9949D1F194C}.Release|Any CPU.ActiveCfg = Release|Any CPU
		{29620F8B-0617-4E49-9EFF-A9949D1F194C}.Release|Any CPU.Build.0 = Release|Any CPU
		{A7E736E9-300E-41BD-86C2-54634DB78518}.Debug|Any CPU.ActiveCfg = Debug|Any CPU
		{A7E736E9-300E-41BD-86C2-54634DB78518}.Debug|Any CPU.Build.0 = Debug|Any CPU
		{A7E736E9-300E-41BD-86C2-54634DB78518}.Release|Any CPU.ActiveCfg = Release|Any CPU
		{A7E736E9-300E-41BD-86C2-54634DB78518}.Release|Any CPU.Build.0 = Release|Any CPU
		{A2BAD6D6-FA45-40ED-85B5-194B2ECD5E93}.Debug|Any CPU.ActiveCfg = Debug|Any CPU
		{A2BAD6D6-FA45-40ED-85B5-194B2ECD5E93}.Debug|Any CPU.Build.0 = Debug|Any CPU
		{A2BAD6D6-FA45-40ED-85B5-194B2ECD5E93}.Release|Any CPU.ActiveCfg = Release|Any CPU
		{A2BAD6D6-FA45-40ED-85B5-194B2ECD5E93}.Release|Any CPU.Build.0 = Release|Any CPU
	EndGlobalSection
	GlobalSection(SolutionProperties) = preSolution
		HideSolutionNode = FALSE
	EndGlobalSection
	GlobalSection(ExtensibilityGlobals) = postSolution
		SolutionGuid = {1D6DFC91-24D7-48D0-B0FD-52B92A7C602B}
	EndGlobalSection
EndGlobal
